
Microsoft Visual Studio Solution File, Format Version 12.00
# Visual Studio Version 17
VisualStudioVersion = 17.5.002.0
MinimumVisualStudioVersion = 10.0.40219.1
Project("{9A19103F-16F7-4668-BE54-9A1E7A4F7556}") = "api", "api\api.csproj", "{98594216-ADE4-4EC4-A3C7-8D5DC6F6E932}"
EndProject
Global
	GlobalSection(SolutionConfigurationPlatforms) = preSolution
		Debug|Any CPU = Debug|Any CPU
		Release|Any CPU = Release|Any CPU
	EndGlobalSection
	GlobalSection(ProjectConfigurationPlatforms) = postSolution
		{98594216-ADE4-4EC4-A3C7-8D5DC6F6E932}.Debug|Any CPU.ActiveCfg = Debug|Any CPU
		{98594216-ADE4-4EC4-A3C7-8D5DC6F6E932}.Debug|Any CPU.Build.0 = Debug|Any CPU
		{98594216-ADE4-4EC4-A3C7-8D5DC6F6E932}.Release|Any CPU.ActiveCfg = Release|Any CPU
		{98594216-ADE4-4EC4-A3C7-8D5DC6F6E932}.Release|Any CPU.Build.0 = Release|Any CPU
	EndGlobalSection
	GlobalSection(SolutionProperties) = preSolution
		HideSolutionNode = FALSE
	EndGlobalSection
	GlobalSection(ExtensibilityGlobals) = postSolution
		SolutionGuid = {77CF4F31-055B-4D05-8FE1-EE59AE01A296}
	EndGlobalSection
EndGlobal
